
Microsoft Visual Studio Solution File, Format Version 12.00
# Visual Studio Version 17
VisualStudioVersion = 17.6.33815.320
MinimumVisualStudioVersion = 10.0.40219.1
Project("{FAE04EC0-301F-11D3-BF4B-00C04F79EFBC}") = "DatabaseFirstApproachEF", "DatabaseFirstApproachEF.csproj", "{1C8021C2-01CA-4DE2-8BB7-EC39DDA5099B}"
EndProject
Global
	GlobalSection(SolutionConfigurationPlatforms) = preSolution
		Debug|Any CPU = Debug|Any CPU
		Release|Any CPU = Release|Any CPU
	EndGlobalSection
	GlobalSection(ProjectConfigurationPlatforms) = postSolution
		{1C8021C2-01CA-4DE2-8BB7-EC39DDA5099B}.Debug|Any CPU.ActiveCfg = Debug|Any CPU
		{1C8021C2-01CA-4DE2-8BB7-EC39DDA5099B}.Debug|Any CPU.Build.0 = Debug|Any CPU
		{1C8021C2-01CA-4DE2-8BB7-EC39DDA5099B}.Release|Any CPU.ActiveCfg = Release|Any CPU
		{1C8021C2-01CA-4DE2-8BB7-EC39DDA5099B}.Release|Any CPU.Build.0 = Release|Any CPU
	EndGlobalSection
	GlobalSection(SolutionProperties) = preSolution
		HideSolutionNode = FALSE
	EndGlobalSection
	GlobalSection(ExtensibilityGlobals) = postSolution
		SolutionGuid = {7DED8952-2E56-43B3-9368-F9D2759B5806}
	EndGlobalSection
EndGlobal
